
Microsoft Visual Studio Solution File, Format Version 12.00
# Visual Studio Version 16
VisualStudioVersion = 16.0.29521.150
MinimumVisualStudioVersion = 10.0.40219.1
Project("{9A19103F-16F7-4668-BE54-9A1E7A4F7556}") = "ProactiveBot", "ProactiveBot.csproj", "{DA5EE8E3-89A1-4895-95E3-1945CC6583F8}"
EndProject
Global
	GlobalSection(SolutionConfigurationPlatforms) = preSolution
		Debug|Any CPU = Debug|Any CPU
		Release|Any CPU = Release|Any CPU
	EndGlobalSection
	GlobalSection(ProjectConfigurationPlatforms) = postSolution
		{DA5EE8E3-89A1-4895-95E3-1945CC6583F8}.Debug|Any CPU.ActiveCfg = Debug|Any CPU
		{DA5EE8E3-89A1-4895-95E3-1945CC6583F8}.Debug|Any CPU.Build.0 = Debug|Any CPU
		{DA5EE8E3-89A1-4895-95E3-1945CC6583F8}.Release|Any CPU.ActiveCfg = Release|Any CPU
		{DA5EE8E3-89A1-4895-95E3-1945CC6583F8}.Release|Any CPU.Build.0 = Release|Any CPU
	EndGlobalSection
	GlobalSection(SolutionProperties) = preSolution
		HideSolutionNode = FALSE
	EndGlobalSection
	GlobalSection(ExtensibilityGlobals) = postSolution
		SolutionGuid = {04F74BB1-16B3-477A-AE58-058CA4164A1A}
	EndGlobalSection
EndGlobal
